
Microsoft Visual Studio Solution File, Format Version 12.00
Project("{FAE04EC0-301F-11D3-BF4B-00C04F79EFBC}") = "Jira.RestClient", "Jira.RestClient\Jira.RestClient.csproj", "{8716A0A2-5238-415D-833C-C8CE7DD03408}"
EndProject
Project("{FAE04EC0-301F-11D3-BF4B-00C04F79EFBC}") = "Jira.RestClient.Tests", "Jira.RestClient.Tests\Jira.RestClient.Tests.csproj", "{31D44F3A-4796-4127-A493-9A8E6742F3CE}"
EndProject
Global
	GlobalSection(SolutionConfigurationPlatforms) = preSolution
		Debug|Any CPU = Debug|Any CPU
		Release|Any CPU = Release|Any CPU
	EndGlobalSection
	GlobalSection(ProjectConfigurationPlatforms) = postSolution
		{8716A0A2-5238-415D-833C-C8CE7DD03408}.Debug|Any CPU.ActiveCfg = Debug|Any CPU
		{8716A0A2-5238-415D-833C-C8CE7DD03408}.Debug|Any CPU.Build.0 = Debug|Any CPU
		{8716A0A2-5238-415D-833C-C8CE7DD03408}.Release|Any CPU.ActiveCfg = Release|Any CPU
		{8716A0A2-5238-415D-833C-C8CE7DD03408}.Release|Any CPU.Build.0 = Release|Any CPU
		{31D44F3A-4796-4127-A493-9A8E6742F3CE}.Debug|Any CPU.ActiveCfg = Debug|Any CPU
		{31D44F3A-4796-4127-A493-9A8E6742F3CE}.Debug|Any CPU.Build.0 = Debug|Any CPU
		{31D44F3A-4796-4127-A493-9A8E6742F3CE}.Release|Any CPU.ActiveCfg = Release|Any CPU
		{31D44F3A-4796-4127-A493-9A8E6742F3CE}.Release|Any CPU.Build.0 = Release|Any CPU
	EndGlobalSection
EndGlobal
